
Microsoft Visual Studio Solution File, Format Version 12.00
# Visual Studio Version 16
VisualStudioVersion = 16.0.30611.23
MinimumVisualStudioVersion = 10.0.40219.1
Project("{8BC9CEB8-8B4A-11D0-8D11-00A0C91BC942}") = "АиСД. Лабораторная работа 1", "АиСД. Лабораторная работа 1\АиСД. Лабораторная работа 1.vcxproj", "{64164619-C981-4438-9725-6BBA5981A294}"
EndProject
Project("{2150E333-8FDC-42A3-9474-1A3956D46DE8}") = "Solution Items", "Solution Items", "{31F1F6E2-FEE2-4793-AAF7-0A3A388258AC}"
EndProject
Project("{8BC9CEB8-8B4A-11D0-8D11-00A0C91BC942}") = "UnitTest_Lab", "UnitTest_Lab\UnitTest_Lab.vcxproj", "{8447EE48-7AFF-4E10-B243-CD1D4BA1DECF}"
EndProject
Global
	GlobalSection(SolutionConfigurationPlatforms) = preSolution
		Debug|x64 = Debug|x64
		Debug|x86 = Debug|x86
		Release|x64 = Release|x64
		Release|x86 = Release|x86
	EndGlobalSection
	GlobalSection(ProjectConfigurationPlatforms) = postSolution
		{64164619-C981-4438-9725-6BBA5981A294}.Debug|x64.ActiveCfg = Debug|x64
		{64164619-C981-4438-9725-6BBA5981A294}.Debug|x64.Build.0 = Debug|x64
		{64164619-C981-4438-9725-6BBA5981A294}.Debug|x86.ActiveCfg = Debug|Win32
		{64164619-C981-4438-9725-6BBA5981A294}.Debug|x86.Build.0 = Debug|Win32
		{64164619-C981-4438-9725-6BBA5981A294}.Release|x64.ActiveCfg = Release|x64
		{64164619-C981-4438-9725-6BBA5981A294}.Release|x64.Build.0 = Release|x64
		{64164619-C981-4438-9725-6BBA5981A294}.Release|x86.ActiveCfg = Release|Win32
		{64164619-C981-4438-9725-6BBA5981A294}.Release|x86.Build.0 = Release|Win32
		{8447EE48-7AFF-4E10-B243-CD1D4BA1DECF}.Debug|x64.ActiveCfg = Debug|x64
		{8447EE48-7AFF-4E10-B243-CD1D4BA1DECF}.Debug|x64.Build.0 = Debug|x64
		{8447EE48-7AFF-4E10-B243-CD1D4BA1DECF}.Debug|x86.ActiveCfg = Debug|Win32
		{8447EE48-7AFF-4E10-B243-CD1D4BA1DECF}.Debug|x86.Build.0 = Debug|Win32
		{8447EE48-7AFF-4E10-B243-CD1D4BA1DECF}.Release|x64.ActiveCfg = Release|x64
		{8447EE48-7AFF-4E10-B243-CD1D4BA1DECF}.Release|x64.Build.0 = Release|x64
		{8447EE48-7AFF-4E10-B243-CD1D4BA1DECF}.Release|x86.ActiveCfg = Release|Win32
		{8447EE48-7AFF-4E10-B243-CD1D4BA1DECF}.Release|x86.Build.0 = Release|Win32
	EndGlobalSection
	GlobalSection(SolutionProperties) = preSolution
		HideSolutionNode = FALSE
	EndGlobalSection
	GlobalSection(ExtensibilityGlobals) = postSolution
		SolutionGuid = {83587274-B799-4B3F-968A-B1A13F6A2589}
	EndGlobalSection
EndGlobal
